
Microsoft Visual Studio Solution File, Format Version 12.00
# Visual Studio 15
VisualStudioVersion = 15.0.28010.2016
MinimumVisualStudioVersion = 10.0.40219.1
Project("{FAE04EC0-301F-11D3-BF4B-00C04F79EFBC}") = "CylinderInventoryManagement", "CylinderInventoryManagement\CylinderInventoryManagement.csproj", "{3C221F7D-4D45-4738-BF2C-1A7612362A68}"
EndProject
Project("{FAE04EC0-301F-11D3-BF4B-00C04F79EFBC}") = "CIM.BusinessLayer", "CIM.BusinessLayer\CIM.BusinessLayer.csproj", "{C0BAB2FD-CC56-4A3A-92AC-C5E7AF8FA0A3}"
EndProject
Project("{FAE04EC0-301F-11D3-BF4B-00C04F79EFBC}") = "CIM.Entities", "CIM.Entities\CIM.Entities.csproj", "{DE4B27C9-2FF1-4430-A0AE-09C1CFEB32C6}"
EndProject
Project("{FAE04EC0-301F-11D3-BF4B-00C04F79EFBC}") = "CIM.DataLayer", "CIM.DataLayer\CIM.DataLayer.csproj", "{966D5128-DF0C-4312-8EC3-A71526FE738C}"
EndProject
Global
	GlobalSection(SolutionConfigurationPlatforms) = preSolution
		Debug|Any CPU = Debug|Any CPU
		Release|Any CPU = Release|Any CPU
	EndGlobalSection
	GlobalSection(ProjectConfigurationPlatforms) = postSolution
		{3C221F7D-4D45-4738-BF2C-1A7612362A68}.Debug|Any CPU.ActiveCfg = Debug|Any CPU
		{3C221F7D-4D45-4738-BF2C-1A7612362A68}.Debug|Any CPU.Build.0 = Debug|Any CPU
		{3C221F7D-4D45-4738-BF2C-1A7612362A68}.Release|Any CPU.ActiveCfg = Release|Any CPU
		{3C221F7D-4D45-4738-BF2C-1A7612362A68}.Release|Any CPU.Build.0 = Release|Any CPU
		{C0BAB2FD-CC56-4A3A-92AC-C5E7AF8FA0A3}.Debug|Any CPU.ActiveCfg = Debug|Any CPU
		{C0BAB2FD-CC56-4A3A-92AC-C5E7AF8FA0A3}.Debug|Any CPU.Build.0 = Debug|Any CPU
		{C0BAB2FD-CC56-4A3A-92AC-C5E7AF8FA0A3}.Release|Any CPU.ActiveCfg = Release|Any CPU
		{C0BAB2FD-CC56-4A3A-92AC-C5E7AF8FA0A3}.Release|Any CPU.Build.0 = Release|Any CPU
		{DE4B27C9-2FF1-4430-A0AE-09C1CFEB32C6}.Debug|Any CPU.ActiveCfg = Debug|Any CPU
		{DE4B27C9-2FF1-4430-A0AE-09C1CFEB32C6}.Debug|Any CPU.Build.0 = Debug|Any CPU
		{DE4B27C9-2FF1-4430-A0AE-09C1CFEB32C6}.Release|Any CPU.ActiveCfg = Release|Any CPU
		{DE4B27C9-2FF1-4430-A0AE-09C1CFEB32C6}.Release|Any CPU.Build.0 = Release|Any CPU
		{966D5128-DF0C-4312-8EC3-A71526FE738C}.Debug|Any CPU.ActiveCfg = Debug|Any CPU
		{966D5128-DF0C-4312-8EC3-A71526FE738C}.Debug|Any CPU.Build.0 = Debug|Any CPU
		{966D5128-DF0C-4312-8EC3-A71526FE738C}.Release|Any CPU.ActiveCfg = Release|Any CPU
		{966D5128-DF0C-4312-8EC3-A71526FE738C}.Release|Any CPU.Build.0 = Release|Any CPU
	EndGlobalSection
	GlobalSection(SolutionProperties) = preSolution
		HideSolutionNode = FALSE
	EndGlobalSection
	GlobalSection(ExtensibilityGlobals) = postSolution
		SolutionGuid = {6FD2AD8D-A473-4355-97C5-B68BC6CD0EBC}
	EndGlobalSection
EndGlobal
